
Microsoft Visual Studio Solution File, Format Version 12.00
# Visual Studio Version 16
VisualStudioVersion = 16.0.29318.209
MinimumVisualStudioVersion = 10.0.40219.1
Project("{FAE04EC0-301F-11D3-BF4B-00C04F79EFBC}") = "DirectoryFileCount", "DirectoryFileCount\DirectoryFileCount.csproj", "{3749F76C-D9C0-4688-A20D-37D29C8FE0ED}"
EndProject
Project("{FAE04EC0-301F-11D3-BF4B-00C04F79EFBC}") = "DBModels", "DBModels\DBModels.csproj", "{8AD649C6-D854-400F-87F4-56BE732E6E0D}"
EndProject
Project("{FAE04EC0-301F-11D3-BF4B-00C04F79EFBC}") = "EntityFrameworkDBProvider", "EntityFrameworkDBProvider\EntityFrameworkDBProvider.csproj", "{84202A49-A225-47F1-ADB3-61716D931A14}"
EndProject
Global
	GlobalSection(SolutionConfigurationPlatforms) = preSolution
		Debug|Any CPU = Debug|Any CPU
		Release|Any CPU = Release|Any CPU
	EndGlobalSection
	GlobalSection(ProjectConfigurationPlatforms) = postSolution
		{3749F76C-D9C0-4688-A20D-37D29C8FE0ED}.Debug|Any CPU.ActiveCfg = Debug|Any CPU
		{3749F76C-D9C0-4688-A20D-37D29C8FE0ED}.Debug|Any CPU.Build.0 = Debug|Any CPU
		{3749F76C-D9C0-4688-A20D-37D29C8FE0ED}.Release|Any CPU.ActiveCfg = Release|Any CPU
		{3749F76C-D9C0-4688-A20D-37D29C8FE0ED}.Release|Any CPU.Build.0 = Release|Any CPU
		{8AD649C6-D854-400F-87F4-56BE732E6E0D}.Debug|Any CPU.ActiveCfg = Debug|Any CPU
		{8AD649C6-D854-400F-87F4-56BE732E6E0D}.Debug|Any CPU.Build.0 = Debug|Any CPU
		{8AD649C6-D854-400F-87F4-56BE732E6E0D}.Release|Any CPU.ActiveCfg = Release|Any CPU
		{8AD649C6-D854-400F-87F4-56BE732E6E0D}.Release|Any CPU.Build.0 = Release|Any CPU
		{84202A49-A225-47F1-ADB3-61716D931A14}.Debug|Any CPU.ActiveCfg = Debug|Any CPU
		{84202A49-A225-47F1-ADB3-61716D931A14}.Debug|Any CPU.Build.0 = Debug|Any CPU
		{84202A49-A225-47F1-ADB3-61716D931A14}.Release|Any CPU.ActiveCfg = Release|Any CPU
		{84202A49-A225-47F1-ADB3-61716D931A14}.Release|Any CPU.Build.0 = Release|Any CPU
	EndGlobalSection
	GlobalSection(SolutionProperties) = preSolution
		HideSolutionNode = FALSE
	EndGlobalSection
	GlobalSection(ExtensibilityGlobals) = postSolution
		SolutionGuid = {EDFE4F26-8EEB-4FFF-94BE-5A6AEE1CFD77}
	EndGlobalSection
EndGlobal
